// !$*UTF8*$!
{
	archiveVersion = 1;
	classes = {
	};
	objectVersion = 50;
	objects = {

/* Begin PBXBuildFile section */
		5F9E5A8423D1BFFE009F475A /* Page.swift in Sources */ = {isa = PBXBuildFile; fileRef = 5F9E5A8323D1BFFE009F475A /* Page.swift */; };
		5FCA8E2023D34D6D006B84D0 /* MainViewController.swift in Sources */ = {isa = PBXBuildFile; fileRef = 5FCA8E1F23D34D6D006B84D0 /* MainViewController.swift */; };
		5FCA8E2323D34F32006B84D0 /* MainViewViewModel.swift in Sources */ = {isa = PBXBuildFile; fileRef = 5FCA8E2223D34F32006B84D0 /* MainViewViewModel.swift */; };
		5FCA8E2623D35307006B84D0 /* HeroCell.swift in Sources */ = {isa = PBXBuildFile; fileRef = 5FCA8E2523D35307006B84D0 /* HeroCell.swift */; };
		5FCA8E2923D3533A006B84D0 /* UICollectionView+Extension.swift in Sources */ = {isa = PBXBuildFile; fileRef = 5FCA8E2823D3533A006B84D0 /* UICollectionView+Extension.swift */; };
		5FCA8E2B23D3546E006B84D0 /* LoadingCell.swift in Sources */ = {isa = PBXBuildFile; fileRef = 5FCA8E2A23D3546E006B84D0 /* LoadingCell.swift */; };
		5FCA8E2E23D35598006B84D0 /* MainModels.swift in Sources */ = {isa = PBXBuildFile; fileRef = 5FCA8E2D23D35598006B84D0 /* MainModels.swift */; };
		5FCA8E3023D3AB71006B84D0 /* ImageLoader.swift in Sources */ = {isa = PBXBuildFile; fileRef = 5FCA8E2F23D3AB71006B84D0 /* ImageLoader.swift */; };
		5FCA8E3223D3BED3006B84D0 /* CharacterQuery.swift in Sources */ = {isa = PBXBuildFile; fileRef = 5FCA8E3123D3BED3006B84D0 /* CharacterQuery.swift */; };
		5FD920C223D0E50C00F5EB8D /* MarvelAPI.swift in Sources */ = {isa = PBXBuildFile; fileRef = 5FD920C123D0E50C00F5EB8D /* MarvelAPI.swift */; };
		5FD920C423D0E57C00F5EB8D /* MarvelRequest.swift in Sources */ = {isa = PBXBuildFile; fileRef = 5FD920C323D0E57C00F5EB8D /* MarvelRequest.swift */; };
		5FD920C623D0E5A600F5EB8D /* Network.swift in Sources */ = {isa = PBXBuildFile; fileRef = 5FD920C523D0E5A600F5EB8D /* Network.swift */; };
		5FD920C823D0F88400F5EB8D /* String+md5.swift in Sources */ = {isa = PBXBuildFile; fileRef = 5FD920C723D0F88400F5EB8D /* String+md5.swift */; };
		5FD920CA23D0FBDA00F5EB8D /* MarvelResponse.swift in Sources */ = {isa = PBXBuildFile; fileRef = 5FD920C923D0FBDA00F5EB8D /* MarvelResponse.swift */; };
		5FD920CD23D0FC0A00F5EB8D /* Character.swift in Sources */ = {isa = PBXBuildFile; fileRef = 5FD920CC23D0FC0A00F5EB8D /* Character.swift */; };
		5FD920CF23D1006900F5EB8D /* Codable+Extensions.swift in Sources */ = {isa = PBXBuildFile; fileRef = 5FD920CE23D1006900F5EB8D /* Codable+Extensions.swift */; };
		5FDAE1B323D0D43C00479419 /* AppDelegate.swift in Sources */ = {isa = PBXBuildFile; fileRef = 5FDAE1B223D0D43C00479419 /* AppDelegate.swift */; };
		5FDAE1B923D0D43C00479419 /* Assets.xcassets in Resources */ = {isa = PBXBuildFile; fileRef = 5FDAE1B823D0D43C00479419 /* Assets.xcassets */; };
		5FDAE1BF23D0D43C00479419 /* LaunchScreen.storyboard in Resources */ = {isa = PBXBuildFile; fileRef = 5FDAE1BD23D0D43C00479419 /* LaunchScreen.storyboard */; };
		5FDAE1CA23D0D43D00479419 /* MarvelTests.swift in Sources */ = {isa = PBXBuildFile; fileRef = 5FDAE1C923D0D43D00479419 /* MarvelTests.swift */; };
		5FDAE1DB23D0D4C000479419 /* MarvelKit.swift in Sources */ = {isa = PBXBuildFile; fileRef = 5FDAE1DA23D0D4C000479419 /* MarvelKit.swift */; };
		5FDAE1E223D0D6CF00479419 /* libMarvelKit.a in Frameworks */ = {isa = PBXBuildFile; fileRef = 5FDAE1D823D0D4C000479419 /* libMarvelKit.a */; };
		5FDAE1E523D0D93500479419 /* Combine+Extensions.swift in Sources */ = {isa = PBXBuildFile; fileRef = 5FDAE1E423D0D93500479419 /* Combine+Extensions.swift */; };
		5FDAE1E923D0DA7400479419 /* Data+Extension.swift in Sources */ = {isa = PBXBuildFile; fileRef = 5FDAE1E823D0DA7400479419 /* Data+Extension.swift */; };
/* End PBXBuildFile section */

/* Begin PBXContainerItemProxy section */
		5FDAE1C623D0D43D00479419 /* PBXContainerItemProxy */ = {
			isa = PBXContainerItemProxy;
			containerPortal = 5FDAE1A723D0D43C00479419 /* Project object */;
			proxyType = 1;
			remoteGlobalIDString = 5FDAE1AE23D0D43C00479419;
			remoteInfo = Marvel;
		};
		5FDAE1DF23D0D6CA00479419 /* PBXContainerItemProxy */ = {
			isa = PBXContainerItemProxy;
			containerPortal = 5FDAE1A723D0D43C00479419 /* Project object */;
			proxyType = 1;
			remoteGlobalIDString = 5FDAE1D723D0D4C000479419;
			remoteInfo = MarvelKit;
		};
/* End PBXContainerItemProxy section */

/* Begin PBXCopyFilesBuildPhase section */
		5FDAE1D623D0D4C000479419 /* CopyFiles */ = {
			isa = PBXCopyFilesBuildPhase;
			buildActionMask = 2147483647;
			dstPath = "include/$(PRODUCT_NAME)";
			dstSubfolderSpec = 16;
			files = (
			);
			runOnlyForDeploymentPostprocessing = 0;
		};
/* End PBXCopyFilesBuildPhase section */

/* Begin PBXFileReference section */
		5F9E5A8323D1BFFE009F475A /* Page.swift */ = {isa = PBXFileReference; lastKnownFileType = sourcecode.swift; path = Page.swift; sourceTree = "<group>"; };
		5FCA8E1F23D34D6D006B84D0 /* MainViewController.swift */ = {isa = PBXFileReference; lastKnownFileType = sourcecode.swift; path = MainViewController.swift; sourceTree = "<group>"; };
		5FCA8E2223D34F32006B84D0 /* MainViewViewModel.swift */ = {isa = PBXFileReference; lastKnownFileType = sourcecode.swift; path = MainViewViewModel.swift; sourceTree = "<group>"; };
		5FCA8E2523D35307006B84D0 /* HeroCell.swift */ = {isa = PBXFileReference; lastKnownFileType = sourcecode.swift; path = HeroCell.swift; sourceTree = "<group>"; };
		5FCA8E2823D3533A006B84D0 /* UICollectionView+Extension.swift */ = {isa = PBXFileReference; lastKnownFileType = sourcecode.swift; path = "UICollectionView+Extension.swift"; sourceTree = "<group>"; };
		5FCA8E2A23D3546E006B84D0 /* LoadingCell.swift */ = {isa = PBXFileReference; lastKnownFileType = sourcecode.swift; path = LoadingCell.swift; sourceTree = "<group>"; };
		5FCA8E2D23D35598006B84D0 /* MainModels.swift */ = {isa = PBXFileReference; lastKnownFileType = sourcecode.swift; path = MainModels.swift; sourceTree = "<group>"; };
		5FCA8E2F23D3AB71006B84D0 /* ImageLoader.swift */ = {isa = PBXFileReference; lastKnownFileType = sourcecode.swift; path = ImageLoader.swift; sourceTree = "<group>"; };
		5FCA8E3123D3BED3006B84D0 /* CharacterQuery.swift */ = {isa = PBXFileReference; lastKnownFileType = sourcecode.swift; path = CharacterQuery.swift; sourceTree = "<group>"; };
		5FD920C123D0E50C00F5EB8D /* MarvelAPI.swift */ = {isa = PBXFileReference; lastKnownFileType = sourcecode.swift; path = MarvelAPI.swift; sourceTree = "<group>"; };
		5FD920C323D0E57C00F5EB8D /* MarvelRequest.swift */ = {isa = PBXFileReference; lastKnownFileType = sourcecode.swift; path = MarvelRequest.swift; sourceTree = "<group>"; };
		5FD920C523D0E5A600F5EB8D /* Network.swift */ = {isa = PBXFileReference; lastKnownFileType = sourcecode.swift; path = Network.swift; sourceTree = "<group>"; };
		5FD920C723D0F88400F5EB8D /* String+md5.swift */ = {isa = PBXFileReference; lastKnownFileType = sourcecode.swift; path = "String+md5.swift"; sourceTree = "<group>"; };
		5FD920C923D0FBDA00F5EB8D /* MarvelResponse.swift */ = {isa = PBXFileReference; lastKnownFileType = sourcecode.swift; path = MarvelResponse.swift; sourceTree = "<group>"; };
		5FD920CC23D0FC0A00F5EB8D /* Character.swift */ = {isa = PBXFileReference; lastKnownFileType = sourcecode.swift; path = Character.swift; sourceTree = "<group>"; };
		5FD920CE23D1006900F5EB8D /* Codable+Extensions.swift */ = {isa = PBXFileReference; lastKnownFileType = sourcecode.swift; path = "Codable+Extensions.swift"; sourceTree = "<group>"; };
		5FDAE1AF23D0D43C00479419 /* Marvel.app */ = {isa = PBXFileReference; explicitFileType = wrapper.application; includeInIndex = 0; path = Marvel.app; sourceTree = BUILT_PRODUCTS_DIR; };
		5FDAE1B223D0D43C00479419 /* AppDelegate.swift */ = {isa = PBXFileReference; lastKnownFileType = sourcecode.swift; path = AppDelegate.swift; sourceTree = "<group>"; };
		5FDAE1B823D0D43C00479419 /* Assets.xcassets */ = {isa = PBXFileReference; lastKnownFileType = folder.assetcatalog; path = Assets.xcassets; sourceTree = "<group>"; };
		5FDAE1BE23D0D43C00479419 /* Base */ = {isa = PBXFileReference; lastKnownFileType = file.storyboard; name = Base; path = Base.lproj/LaunchScreen.storyboard; sourceTree = "<group>"; };
		5FDAE1C023D0D43C00479419 /* Info.plist */ = {isa = PBXFileReference; lastKnownFileType = text.plist.xml; path = Info.plist; sourceTree = "<group>"; };
		5FDAE1C523D0D43D00479419 /* MarvelTests.xctest */ = {isa = PBXFileReference; explicitFileType = wrapper.cfbundle; includeInIndex = 0; path = MarvelTests.xctest; sourceTree = BUILT_PRODUCTS_DIR; };
		5FDAE1C923D0D43D00479419 /* MarvelTests.swift */ = {isa = PBXFileReference; lastKnownFileType = sourcecode.swift; path = MarvelTests.swift; sourceTree = "<group>"; };
		5FDAE1CB23D0D43D00479419 /* Info.plist */ = {isa = PBXFileReference; lastKnownFileType = text.plist.xml; path = Info.plist; sourceTree = "<group>"; };
		5FDAE1D823D0D4C000479419 /* libMarvelKit.a */ = {isa = PBXFileReference; explicitFileType = archive.ar; includeInIndex = 0; path = libMarvelKit.a; sourceTree = BUILT_PRODUCTS_DIR; };
		5FDAE1DA23D0D4C000479419 /* MarvelKit.swift */ = {isa = PBXFileReference; lastKnownFileType = sourcecode.swift; path = MarvelKit.swift; sourceTree = "<group>"; };
		5FDAE1E423D0D93500479419 /* Combine+Extensions.swift */ = {isa = PBXFileReference; lastKnownFileType = sourcecode.swift; path = "Combine+Extensions.swift"; sourceTree = "<group>"; };
		5FDAE1E823D0DA7400479419 /* Data+Extension.swift */ = {isa = PBXFileReference; lastKnownFileType = sourcecode.swift; path = "Data+Extension.swift"; sourceTree = "<group>"; };
/* End PBXFileReference section */

/* Begin PBXFrameworksBuildPhase section */
		5FDAE1AC23D0D43C00479419 /* Frameworks */ = {
			isa = PBXFrameworksBuildPhase;
			buildActionMask = 2147483647;
			files = (
				5FDAE1E223D0D6CF00479419 /* libMarvelKit.a in Frameworks */,
			);
			runOnlyForDeploymentPostprocessing = 0;
		};
		5FDAE1C223D0D43C00479419 /* Frameworks */ = {
			isa = PBXFrameworksBuildPhase;
			buildActionMask = 2147483647;
			files = (
			);
			runOnlyForDeploymentPostprocessing = 0;
		};
		5FDAE1D523D0D4C000479419 /* Frameworks */ = {
			isa = PBXFrameworksBuildPhase;
			buildActionMask = 2147483647;
			files = (
			);
			runOnlyForDeploymentPostprocessing = 0;
		};
/* End PBXFrameworksBuildPhase section */

/* Begin PBXGroup section */
		5F9E5A8523D1C846009F475A /* Application */ = {
			isa = PBXGroup;
			children = (
				5FDAE1B223D0D43C00479419 /* AppDelegate.swift */,
				5FCA8E2F23D3AB71006B84D0 /* ImageLoader.swift */,
			);
			path = Application;
			sourceTree = "<group>";
		};
		5FCA8E1E23D34D1F006B84D0 /* Scenes */ = {
			isa = PBXGroup;
			children = (
				5FCA8E2123D34D75006B84D0 /* Main */,
			);
			path = Scenes;
			sourceTree = "<group>";
		};
		5FCA8E2123D34D75006B84D0 /* Main */ = {
			isa = PBXGroup;
			children = (
				5FCA8E2C23D35587006B84D0 /* Components */,
				5FCA8E2D23D35598006B84D0 /* MainModels.swift */,
				5FCA8E1F23D34D6D006B84D0 /* MainViewController.swift */,
				5FCA8E2223D34F32006B84D0 /* MainViewViewModel.swift */,
			);
			path = Main;
			sourceTree = "<group>";
		};
		5FCA8E2723D3532F006B84D0 /* Extensions */ = {
			isa = PBXGroup;
			children = (
				5FCA8E2823D3533A006B84D0 /* UICollectionView+Extension.swift */,
			);
			path = Extensions;
			sourceTree = "<group>";
		};
		5FCA8E2C23D35587006B84D0 /* Components */ = {
			isa = PBXGroup;
			children = (
				5FCA8E2523D35307006B84D0 /* HeroCell.swift */,
				5FCA8E2A23D3546E006B84D0 /* LoadingCell.swift */,
			);
			path = Components;
			sourceTree = "<group>";
		};
		5FD920CB23D0FBFB00F5EB8D /* Models */ = {
			isa = PBXGroup;
			children = (
				5FD920CC23D0FC0A00F5EB8D /* Character.swift */,
				5FCA8E3123D3BED3006B84D0 /* CharacterQuery.swift */,
				5F9E5A8323D1BFFE009F475A /* Page.swift */,
			);
			path = Models;
			sourceTree = "<group>";
		};
		5FDAE1A623D0D43C00479419 = {
			isa = PBXGroup;
			children = (
				5FDAE1B123D0D43C00479419 /* Marvel */,
				5FDAE1C823D0D43D00479419 /* MarvelTests */,
				5FDAE1D923D0D4C000479419 /* MarvelKit */,
				5FDAE1B023D0D43C00479419 /* Products */,
				5FDAE1E123D0D6CF00479419 /* Frameworks */,
			);
			sourceTree = "<group>";
		};
		5FDAE1B023D0D43C00479419 /* Products */ = {
			isa = PBXGroup;
			children = (
				5FDAE1AF23D0D43C00479419 /* Marvel.app */,
				5FDAE1C523D0D43D00479419 /* MarvelTests.xctest */,
				5FDAE1D823D0D4C000479419 /* libMarvelKit.a */,
			);
			name = Products;
			sourceTree = "<group>";
		};
		5FDAE1B123D0D43C00479419 /* Marvel */ = {
			isa = PBXGroup;
			children = (
				5FCA8E2723D3532F006B84D0 /* Extensions */,
				5FCA8E1E23D34D1F006B84D0 /* Scenes */,
				5F9E5A8523D1C846009F475A /* Application */,
				5FDAE1B823D0D43C00479419 /* Assets.xcassets */,
				5FDAE1BD23D0D43C00479419 /* LaunchScreen.storyboard */,
				5FDAE1C023D0D43C00479419 /* Info.plist */,
			);
			path = Marvel;
			sourceTree = "<group>";
		};
		5FDAE1C823D0D43D00479419 /* MarvelTests */ = {
			isa = PBXGroup;
			children = (
				5FDAE1C923D0D43D00479419 /* MarvelTests.swift */,
				5FDAE1CB23D0D43D00479419 /* Info.plist */,
			);
			path = MarvelTests;
			sourceTree = "<group>";
		};
		5FDAE1D923D0D4C000479419 /* MarvelKit */ = {
			isa = PBXGroup;
			children = (
				5FD920CB23D0FBFB00F5EB8D /* Models */,
				5FDAE1E323D0D92300479419 /* Foundation */,
				5FDAE1E723D0DA5000479419 /* Network */,
				5FDAE1DA23D0D4C000479419 /* MarvelKit.swift */,
			);
			path = MarvelKit;
			sourceTree = "<group>";
		};
		5FDAE1E123D0D6CF00479419 /* Frameworks */ = {
			isa = PBXGroup;
			children = (
			);
			name = Frameworks;
			sourceTree = "<group>";
		};
		5FDAE1E323D0D92300479419 /* Foundation */ = {
			isa = PBXGroup;
			children = (
				5FDAE1E423D0D93500479419 /* Combine+Extensions.swift */,
				5FDAE1E823D0DA7400479419 /* Data+Extension.swift */,
				5FD920C723D0F88400F5EB8D /* String+md5.swift */,
				5FD920CE23D1006900F5EB8D /* Codable+Extensions.swift */,
			);
			path = Foundation;
			sourceTree = "<group>";
		};
		5FDAE1E723D0DA5000479419 /* Network */ = {
			isa = PBXGroup;
			children = (
				5FD920C123D0E50C00F5EB8D /* MarvelAPI.swift */,
				5FD920C323D0E57C00F5EB8D /* MarvelRequest.swift */,
				5FD920C923D0FBDA00F5EB8D /* MarvelResponse.swift */,
				5FD920C523D0E5A600F5EB8D /* Network.swift */,
			);
			path = Network;
			sourceTree = "<group>";
		};
/* End PBXGroup section */

/* Begin PBXNativeTarget section */
		5FDAE1AE23D0D43C00479419 /* Marvel */ = {
			isa = PBXNativeTarget;
			buildConfigurationList = 5FDAE1CE23D0D43D00479419 /* Build configuration list for PBXNativeTarget "Marvel" */;
			buildPhases = (
				5FDAE1AB23D0D43C00479419 /* Sources */,
				5FDAE1AC23D0D43C00479419 /* Frameworks */,
				5FDAE1AD23D0D43C00479419 /* Resources */,
			);
			buildRules = (
			);
			dependencies = (
				5FDAE1E023D0D6CA00479419 /* PBXTargetDependency */,
			);
			name = Marvel;
			productName = Marvel;
			productReference = 5FDAE1AF23D0D43C00479419 /* Marvel.app */;
			productType = "com.apple.product-type.application";
		};
		5FDAE1C423D0D43C00479419 /* MarvelTests */ = {
			isa = PBXNativeTarget;
			buildConfigurationList = 5FDAE1D123D0D43D00479419 /* Build configuration list for PBXNativeTarget "MarvelTests" */;
			buildPhases = (
				5FDAE1C123D0D43C00479419 /* Sources */,
				5FDAE1C223D0D43C00479419 /* Frameworks */,
				5FDAE1C323D0D43C00479419 /* Resources */,
			);
			buildRules = (
			);
			dependencies = (
				5FDAE1C723D0D43D00479419 /* PBXTargetDependency */,
			);
			name = MarvelTests;
			productName = MarvelTests;
			productReference = 5FDAE1C523D0D43D00479419 /* MarvelTests.xctest */;
			productType = "com.apple.product-type.bundle.unit-test";
		};
		5FDAE1D723D0D4C000479419 /* MarvelKit */ = {
			isa = PBXNativeTarget;
			buildConfigurationList = 5FDAE1DC23D0D4C000479419 /* Build configuration list for PBXNativeTarget "MarvelKit" */;
			buildPhases = (
				5FDAE1D423D0D4C000479419 /* Sources */,
				5FDAE1D523D0D4C000479419 /* Frameworks */,
				5FDAE1D623D0D4C000479419 /* CopyFiles */,
			);
			buildRules = (
			);
			dependencies = (
			);
			name = MarvelKit;
			productName = MarvelKit;
			productReference = 5FDAE1D823D0D4C000479419 /* libMarvelKit.a */;
			productType = "com.apple.product-type.library.static";
		};
/* End PBXNativeTarget section */

/* Begin PBXProject section */
		5FDAE1A723D0D43C00479419 /* Project object */ = {
			isa = PBXProject;
			attributes = {
				LastSwiftUpdateCheck = 1130;
				LastUpgradeCheck = 1130;
				ORGANIZATIONNAME = Hernan;
				TargetAttributes = {
					5FDAE1AE23D0D43C00479419 = {
						CreatedOnToolsVersion = 11.3;
					};
					5FDAE1C423D0D43C00479419 = {
						CreatedOnToolsVersion = 11.3;
						TestTargetID = 5FDAE1AE23D0D43C00479419;
					};
					5FDAE1D723D0D4C000479419 = {
						CreatedOnToolsVersion = 11.3;
					};
				};
			};
			buildConfigurationList = 5FDAE1AA23D0D43C00479419 /* Build configuration list for PBXProject "Marvel" */;
			compatibilityVersion = "Xcode 9.3";
			developmentRegion = en;
			hasScannedForEncodings = 0;
			knownRegions = (
				en,
				Base,
			);
			mainGroup = 5FDAE1A623D0D43C00479419;
			productRefGroup = 5FDAE1B023D0D43C00479419 /* Products */;
			projectDirPath = "";
			projectRoot = "";
			targets = (
				5FDAE1AE23D0D43C00479419 /* Marvel */,
				5FDAE1C423D0D43C00479419 /* MarvelTests */,
				5FDAE1D723D0D4C000479419 /* MarvelKit */,
			);
		};
/* End PBXProject section */

/* Begin PBXResourcesBuildPhase section */
		5FDAE1AD23D0D43C00479419 /* Resources */ = {
			isa = PBXResourcesBuildPhase;
			buildActionMask = 2147483647;
			files = (
				5FDAE1BF23D0D43C00479419 /* LaunchScreen.storyboard in Resources */,
				5FDAE1B923D0D43C00479419 /* Assets.xcassets in Resources */,
			);
			runOnlyForDeploymentPostprocessing = 0;
		};
		5FDAE1C323D0D43C00479419 /* Resources */ = {
			isa = PBXResourcesBuildPhase;
			buildActionMask = 2147483647;
			files = (
			);
			runOnlyForDeploymentPostprocessing = 0;
		};
/* End PBXResourcesBuildPhase section */

/* Begin PBXSourcesBuildPhase section */
		5FDAE1AB23D0D43C00479419 /* Sources */ = {
			isa = PBXSourcesBuildPhase;
			buildActionMask = 2147483647;
			files = (
				5FCA8E2623D35307006B84D0 /* HeroCell.swift in Sources */,
				5FCA8E2023D34D6D006B84D0 /* MainViewController.swift in Sources */,
				5FCA8E2B23D3546E006B84D0 /* LoadingCell.swift in Sources */,
				5FDAE1B323D0D43C00479419 /* AppDelegate.swift in Sources */,
				5FCA8E2923D3533A006B84D0 /* UICollectionView+Extension.swift in Sources */,
				5FCA8E2E23D35598006B84D0 /* MainModels.swift in Sources */,
				5FCA8E3023D3AB71006B84D0 /* ImageLoader.swift in Sources */,
				5FCA8E2323D34F32006B84D0 /* MainViewViewModel.swift in Sources */,
			);
			runOnlyForDeploymentPostprocessing = 0;
		};
		5FDAE1C123D0D43C00479419 /* Sources */ = {
			isa = PBXSourcesBuildPhase;
			buildActionMask = 2147483647;
			files = (
				5FDAE1CA23D0D43D00479419 /* MarvelTests.swift in Sources */,
			);
			runOnlyForDeploymentPostprocessing = 0;
		};
		5FDAE1D423D0D4C000479419 /* Sources */ = {
			isa = PBXSourcesBuildPhase;
			buildActionMask = 2147483647;
			files = (
				5FD920CD23D0FC0A00F5EB8D /* Character.swift in Sources */,
				5FDAE1DB23D0D4C000479419 /* MarvelKit.swift in Sources */,
				5FCA8E3223D3BED3006B84D0 /* CharacterQuery.swift in Sources */,
				5FD920C823D0F88400F5EB8D /* String+md5.swift in Sources */,
				5FDAE1E523D0D93500479419 /* Combine+Extensions.swift in Sources */,
				5FD920C623D0E5A600F5EB8D /* Network.swift in Sources */,
				5FDAE1E923D0DA7400479419 /* Data+Extension.swift in Sources */,
				5F9E5A8423D1BFFE009F475A /* Page.swift in Sources */,
				5FD920CA23D0FBDA00F5EB8D /* MarvelResponse.swift in Sources */,
				5FD920C423D0E57C00F5EB8D /* MarvelRequest.swift in Sources */,
				5FD920CF23D1006900F5EB8D /* Codable+Extensions.swift in Sources */,
				5FD920C223D0E50C00F5EB8D /* MarvelAPI.swift in Sources */,
			);
			runOnlyForDeploymentPostprocessing = 0;
		};
/* End PBXSourcesBuildPhase section */

/* Begin PBXTargetDependency section */
		5FDAE1C723D0D43D00479419 /* PBXTargetDependency */ = {
			isa = PBXTargetDependency;
			target = 5FDAE1AE23D0D43C00479419 /* Marvel */;
			targetProxy = 5FDAE1C623D0D43D00479419 /* PBXContainerItemProxy */;
		};
		5FDAE1E023D0D6CA00479419 /* PBXTargetDependency */ = {
			isa = PBXTargetDependency;
			target = 5FDAE1D723D0D4C000479419 /* MarvelKit */;
			targetProxy = 5FDAE1DF23D0D6CA00479419 /* PBXContainerItemProxy */;
		};
/* End PBXTargetDependency section */

/* Begin PBXVariantGroup section */
		5FDAE1BD23D0D43C00479419 /* LaunchScreen.storyboard */ = {
			isa = PBXVariantGroup;
			children = (
				5FDAE1BE23D0D43C00479419 /* Base */,
			);
			name = LaunchScreen.storyboard;
			sourceTree = "<group>";
		};
/* End PBXVariantGroup section */

/* Begin XCBuildConfiguration section */
		5FDAE1CC23D0D43D00479419 /* Debug */ = {
			isa = XCBuildConfiguration;
			buildSettings = {
				ALWAYS_SEARCH_USER_PATHS = NO;
				CLANG_ANALYZER_NONNULL = YES;
				CLANG_ANALYZER_NUMBER_OBJECT_CONVERSION = YES_AGGRESSIVE;
				CLANG_CXX_LANGUAGE_STANDARD = "gnu++14";
				CLANG_CXX_LIBRARY = "libc++";
				CLANG_ENABLE_MODULES = YES;
				CLANG_ENABLE_OBJC_ARC = YES;
				CLANG_ENABLE_OBJC_WEAK = YES;
				CLANG_WARN_BLOCK_CAPTURE_AUTORELEASING = YES;
				CLANG_WARN_BOOL_CONVERSION = YES;
				CLANG_WARN_COMMA = YES;
				CLANG_WARN_CONSTANT_CONVERSION = YES;
				CLANG_WARN_DEPRECATED_OBJC_IMPLEMENTATIONS = YES;
				CLANG_WARN_DIRECT_OBJC_ISA_USAGE = YES_ERROR;
				CLANG_WARN_DOCUMENTATION_COMMENTS = YES;
				CLANG_WARN_EMPTY_BODY = YES;
				CLANG_WARN_ENUM_CONVERSION = YES;
				CLANG_WARN_INFINITE_RECURSION = YES;
				CLANG_WARN_INT_CONVERSION = YES;
				CLANG_WARN_NON_LITERAL_NULL_CONVERSION = YES;
				CLANG_WARN_OBJC_IMPLICIT_RETAIN_SELF = YES;
				CLANG_WARN_OBJC_LITERAL_CONVERSION = YES;
				CLANG_WARN_OBJC_ROOT_CLASS = YES_ERROR;
				CLANG_WARN_RANGE_LOOP_ANALYSIS = YES;
				CLANG_WARN_STRICT_PROTOTYPES = YES;
				CLANG_WARN_SUSPICIOUS_MOVE = YES;
				CLANG_WARN_UNGUARDED_AVAILABILITY = YES_AGGRESSIVE;
				CLANG_WARN_UNREACHABLE_CODE = YES;
				CLANG_WARN__DUPLICATE_METHOD_MATCH = YES;
				COPY_PHASE_STRIP = NO;
				DEBUG_INFORMATION_FORMAT = dwarf;
				ENABLE_STRICT_OBJC_MSGSEND = YES;
				ENABLE_TESTABILITY = YES;
				GCC_C_LANGUAGE_STANDARD = gnu11;
				GCC_DYNAMIC_NO_PIC = NO;
				GCC_NO_COMMON_BLOCKS = YES;
				GCC_OPTIMIZATION_LEVEL = 0;
				GCC_PREPROCESSOR_DEFINITIONS = (
					"DEBUG=1",
					"$(inherited)",
				);
				GCC_WARN_64_TO_32_BIT_CONVERSION = YES;
				GCC_WARN_ABOUT_RETURN_TYPE = YES_ERROR;
				GCC_WARN_UNDECLARED_SELECTOR = YES;
				GCC_WARN_UNINITIALIZED_AUTOS = YES_AGGRESSIVE;
				GCC_WARN_UNUSED_FUNCTION = YES;
				GCC_WARN_UNUSED_VARIABLE = YES;
				IPHONEOS_DEPLOYMENT_TARGET = 13.2;
				MTL_ENABLE_DEBUG_INFO = INCLUDE_SOURCE;
				MTL_FAST_MATH = YES;
				ONLY_ACTIVE_ARCH = YES;
				SDKROOT = iphoneos;
				SWIFT_ACTIVE_COMPILATION_CONDITIONS = DEBUG;
				SWIFT_OPTIMIZATION_LEVEL = "-Onone";
			};
			name = Debug;
		};
		5FDAE1CD23D0D43D00479419 /* Release */ = {
			isa = XCBuildConfiguration;
			buildSettings = {
				ALWAYS_SEARCH_USER_PATHS = NO;
				CLANG_ANALYZER_NONNULL = YES;
				CLANG_ANALYZER_NUMBER_OBJECT_CONVERSION = YES_AGGRESSIVE;
				CLANG_CXX_LANGUAGE_STANDARD = "gnu++14";
				CLANG_CXX_LIBRARY = "libc++";
				CLANG_ENABLE_MODULES = YES;
				CLANG_ENABLE_OBJC_ARC = YES;
				CLANG_ENABLE_OBJC_WEAK = YES;
				CLANG_WARN_BLOCK_CAPTURE_AUTORELEASING = YES;
				CLANG_WARN_BOOL_CONVERSION = YES;
				CLANG_WARN_COMMA = YES;
				CLANG_WARN_CONSTANT_CONVERSION = YES;
				CLANG_WARN_DEPRECATED_OBJC_IMPLEMENTATIONS = YES;
				CLANG_WARN_DIRECT_OBJC_ISA_USAGE = YES_ERROR;
				CLANG_WARN_DOCUMENTATION_COMMENTS = YES;
				CLANG_WARN_EMPTY_BODY = YES;
				CLANG_WARN_ENUM_CONVERSION = YES;
				CLANG_WARN_INFINITE_RECURSION = YES;
				CLANG_WARN_INT_CONVERSION = YES;
				CLANG_WARN_NON_LITERAL_NULL_CONVERSION = YES;
				CLANG_WARN_OBJC_IMPLICIT_RETAIN_SELF = YES;
				CLANG_WARN_OBJC_LITERAL_CONVERSION = YES;
				CLANG_WARN_OBJC_ROOT_CLASS = YES_ERROR;
				CLANG_WARN_RANGE_LOOP_ANALYSIS = YES;
				CLANG_WARN_STRICT_PROTOTYPES = YES;
				CLANG_WARN_SUSPICIOUS_MOVE = YES;
				CLANG_WARN_UNGUARDED_AVAILABILITY = YES_AGGRESSIVE;
				CLANG_WARN_UNREACHABLE_CODE = YES;
				CLANG_WARN__DUPLICATE_METHOD_MATCH = YES;
				COPY_PHASE_STRIP = NO;
				DEBUG_INFORMATION_FORMAT = "dwarf-with-dsym";
				ENABLE_NS_ASSERTIONS = NO;
				ENABLE_STRICT_OBJC_MSGSEND = YES;
				GCC_C_LANGUAGE_STANDARD = gnu11;
				GCC_NO_COMMON_BLOCKS = YES;
				GCC_WARN_64_TO_32_BIT_CONVERSION = YES;
				GCC_WARN_ABOUT_RETURN_TYPE = YES_ERROR;
				GCC_WARN_UNDECLARED_SELECTOR = YES;
				GCC_WARN_UNINITIALIZED_AUTOS = YES_AGGRESSIVE;
				GCC_WARN_UNUSED_FUNCTION = YES;
				GCC_WARN_UNUSED_VARIABLE = YES;
				IPHONEOS_DEPLOYMENT_TARGET = 13.2;
				MTL_ENABLE_DEBUG_INFO = NO;
				MTL_FAST_MATH = YES;
				SDKROOT = iphoneos;
				SWIFT_COMPILATION_MODE = wholemodule;
				SWIFT_OPTIMIZATION_LEVEL = "-O";
				VALIDATE_PRODUCT = YES;
			};
			name = Release;
		};
		5FDAE1CF23D0D43D00479419 /* Debug */ = {
			isa = XCBuildConfiguration;
			buildSettings = {
				ASSETCATALOG_COMPILER_APPICON_NAME = AppIcon;
				CODE_SIGN_STYLE = Automatic;
				ENABLE_PREVIEWS = YES;
				INFOPLIST_FILE = Marvel/Info.plist;
				LD_RUNPATH_SEARCH_PATHS = (
					"$(inherited)",
					"@executable_path/Frameworks",
				);
				PRODUCT_BUNDLE_IDENTIFIER = com.hernan.Marvel;
				PRODUCT_NAME = "$(TARGET_NAME)";
				SWIFT_VERSION = 5.0;
				TARGETED_DEVICE_FAMILY = "1,2";
			};
			name = Debug;
		};
		5FDAE1D023D0D43D00479419 /* Release */ = {
			isa = XCBuildConfiguration;
			buildSettings = {
				ASSETCATALOG_COMPILER_APPICON_NAME = AppIcon;
				CODE_SIGN_STYLE = Automatic;
				ENABLE_PREVIEWS = YES;
				INFOPLIST_FILE = Marvel/Info.plist;
				LD_RUNPATH_SEARCH_PATHS = (
					"$(inherited)",
					"@executable_path/Frameworks",
				);
				PRODUCT_BUNDLE_IDENTIFIER = com.hernan.Marvel;
				PRODUCT_NAME = "$(TARGET_NAME)";
				SWIFT_VERSION = 5.0;
				TARGETED_DEVICE_FAMILY = "1,2";
			};
			name = Release;
		};
		5FDAE1D223D0D43D00479419 /* Debug */ = {
			isa = XCBuildConfiguration;
			buildSettings = {
				ALWAYS_EMBED_SWIFT_STANDARD_LIBRARIES = YES;
				BUNDLE_LOADER = "$(TEST_HOST)";
				CODE_SIGN_STYLE = Automatic;
				INFOPLIST_FILE = MarvelTests/Info.plist;
				IPHONEOS_DEPLOYMENT_TARGET = 13.2;
				LD_RUNPATH_SEARCH_PATHS = (
					"$(inherited)",
					"@executable_path/Frameworks",
					"@loader_path/Frameworks",
				);
				PRODUCT_BUNDLE_IDENTIFIER = com.hernan.MarvelTests;
				PRODUCT_NAME = "$(TARGET_NAME)";
				SWIFT_VERSION = 5.0;
				TARGETED_DEVICE_FAMILY = "1,2";
				TEST_HOST = "$(BUILT_PRODUCTS_DIR)/Marvel.app/Marvel";
			};
			name = Debug;
		};
		5FDAE1D323D0D43D00479419 /* Release */ = {
			isa = XCBuildConfiguration;
			buildSettings = {
				ALWAYS_EMBED_SWIFT_STANDARD_LIBRARIES = YES;
				BUNDLE_LOADER = "$(TEST_HOST)";
				CODE_SIGN_STYLE = Automatic;
				INFOPLIST_FILE = MarvelTests/Info.plist;
				IPHONEOS_DEPLOYMENT_TARGET = 13.2;
				LD_RUNPATH_SEARCH_PATHS = (
					"$(inherited)",
					"@executable_path/Frameworks",
					"@loader_path/Frameworks",
				);
				PRODUCT_BUNDLE_IDENTIFIER = com.hernan.MarvelTests;
				PRODUCT_NAME = "$(TARGET_NAME)";
				SWIFT_VERSION = 5.0;
				TARGETED_DEVICE_FAMILY = "1,2";
				TEST_HOST = "$(BUILT_PRODUCTS_DIR)/Marvel.app/Marvel";
			};
			name = Release;
		};
		5FDAE1DD23D0D4C000479419 /* Debug */ = {
			isa = XCBuildConfiguration;
			buildSettings = {
				CODE_SIGN_STYLE = Automatic;
				OTHER_LDFLAGS = "-ObjC";
				PRODUCT_NAME = "$(TARGET_NAME)";
				SKIP_INSTALL = YES;
				SWIFT_VERSION = 5.0;
				TARGETED_DEVICE_FAMILY = "1,2";
			};
			name = Debug;
		};
		5FDAE1DE23D0D4C000479419 /* Release */ = {
			isa = XCBuildConfiguration;
			buildSettings = {
				CODE_SIGN_STYLE = Automatic;
				OTHER_LDFLAGS = "-ObjC";
				PRODUCT_NAME = "$(TARGET_NAME)";
				SKIP_INSTALL = YES;
				SWIFT_VERSION = 5.0;
				TARGETED_DEVICE_FAMILY = "1,2";
			};
			name = Release;
		};
/* End XCBuildConfiguration section */

/* Begin XCConfigurationList section */
		5FDAE1AA23D0D43C00479419 /* Build configuration list for PBXProject "Marvel" */ = {
			isa = XCConfigurationList;
			buildConfigurations = (
				5FDAE1CC23D0D43D00479419 /* Debug */,
				5FDAE1CD23D0D43D00479419 /* Release */,
			);
			defaultConfigurationIsVisible = 0;
			defaultConfigurationName = Release;
		};
		5FDAE1CE23D0D43D00479419 /* Build configuration list for PBXNativeTarget "Marvel" */ = {
			isa = XCConfigurationList;
			buildConfigurations = (
				5FDAE1CF23D0D43D00479419 /* Debug */,
				5FDAE1D023D0D43D00479419 /* Release */,
			);
			defaultConfigurationIsVisible = 0;
			defaultConfigurationName = Release;
		};
		5FDAE1D123D0D43D00479419 /* Build configuration list for PBXNativeTarget "MarvelTests" */ = {
			isa = XCConfigurationList;
			buildConfigurations = (
				5FDAE1D223D0D43D00479419 /* Debug */,
				5FDAE1D323D0D43D00479419 /* Release */,
			);
			defaultConfigurationIsVisible = 0;
			defaultConfigurationName = Release;
		};
		5FDAE1DC23D0D4C000479419 /* Build configuration list for PBXNativeTarget "MarvelKit" */ = {
			isa = XCConfigurationList;
			buildConfigurations = (
				5FDAE1DD23D0D4C000479419 /* Debug */,
				5FDAE1DE23D0D4C000479419 /* Release */,
			);
			defaultConfigurationIsVisible = 0;
			defaultConfigurationName = Release;
		};
/* End XCConfigurationList section */
	};
	rootObject = 5FDAE1A723D0D43C00479419 /* Project object */;
}
